
Microsoft Visual Studio Solution File, Format Version 12.00
# Visual Studio Version 17
VisualStudioVersion = 17.8.34330.188
MinimumVisualStudioVersion = 10.0.40219.1
Project("{FAE04EC0-301F-11D3-BF4B-00C04F79EFBC}") = "Examen ASP-NET", "Examen ASP-NET\Examen ASP-NET.csproj", "{9521BD7C-DE43-4E97-8C64-41A82CD90FCC}"
EndProject
Global
	GlobalSection(SolutionConfigurationPlatforms) = preSolution
		Debug|Any CPU = Debug|Any CPU
		Release|Any CPU = Release|Any CPU
	EndGlobalSection
	GlobalSection(ProjectConfigurationPlatforms) = postSolution
		{9521BD7C-DE43-4E97-8C64-41A82CD90FCC}.Debug|Any CPU.ActiveCfg = Debug|Any CPU
		{9521BD7C-DE43-4E97-8C64-41A82CD90FCC}.Debug|Any CPU.Build.0 = Debug|Any CPU
		{9521BD7C-DE43-4E97-8C64-41A82CD90FCC}.Release|Any CPU.ActiveCfg = Release|Any CPU
		{9521BD7C-DE43-4E97-8C64-41A82CD90FCC}.Release|Any CPU.Build.0 = Release|Any CPU
	EndGlobalSection
	GlobalSection(SolutionProperties) = preSolution
		HideSolutionNode = FALSE
	EndGlobalSection
	GlobalSection(ExtensibilityGlobals) = postSolution
		SolutionGuid = {9E4B88F4-587B-421C-BF60-9380059800B4}
	EndGlobalSection
EndGlobal
